
Microsoft Visual Studio Solution File, Format Version 12.00
# Visual Studio Version 16
VisualStudioVersion = 16.0.29306.81
MinimumVisualStudioVersion = 10.0.40219.1
Project("{8BC9CEB8-8B4A-11D0-8D11-00A0C91BC942}") = "CellProject", "CellProject\CellProject.vcxproj", "{E3F12F83-EA07-45ED-B75E-679168521D1F}"
EndProject
Global
	GlobalSection(SolutionConfigurationPlatforms) = preSolution
		Debug|x64 = Debug|x64
		Debug|x86 = Debug|x86
		Release|x64 = Release|x64
		Release|x86 = Release|x86
	EndGlobalSection
	GlobalSection(ProjectConfigurationPlatforms) = postSolution
		{E3F12F83-EA07-45ED-B75E-679168521D1F}.Debug|x64.ActiveCfg = Debug|x64
		{E3F12F83-EA07-45ED-B75E-679168521D1F}.Debug|x64.Build.0 = Debug|x64
		{E3F12F83-EA07-45ED-B75E-679168521D1F}.Debug|x86.ActiveCfg = Debug|Win32
		{E3F12F83-EA07-45ED-B75E-679168521D1F}.Debug|x86.Build.0 = Debug|Win32
		{E3F12F83-EA07-45ED-B75E-679168521D1F}.Release|x64.ActiveCfg = Release|x64
		{E3F12F83-EA07-45ED-B75E-679168521D1F}.Release|x64.Build.0 = Release|x64
		{E3F12F83-EA07-45ED-B75E-679168521D1F}.Release|x86.ActiveCfg = Release|Win32
		{E3F12F83-EA07-45ED-B75E-679168521D1F}.Release|x86.Build.0 = Release|Win32
	EndGlobalSection
	GlobalSection(SolutionProperties) = preSolution
		HideSolutionNode = FALSE
	EndGlobalSection
	GlobalSection(ExtensibilityGlobals) = postSolution
		SolutionGuid = {15FD9EBB-3C5F-4EF5-BEA5-CC8D9E0FF018}
	EndGlobalSection
EndGlobal
